{
  "name": "asceta-files-sync",
  "lockfileVersion": 2,
  "requires": true,
  "packages": {
    "": {
      "dependencies": {
        "rclone.js": "^0.5.0"
      }
    },
    "node_modules/adm-zip": {
      "version": "0.5.5",
      "resolved": "https://registry.npmjs.org/adm-zip/-/adm-zip-0.5.5.tgz",
      "integrity": "sha512-IWwXKnCbirdbyXSfUDvCCrmYrOHANRZcc8NcRrvTlIApdl7PwE9oGcsYvNeJPAVY1M+70b4PxXGKIf8AEuiQ6w==",
      "engines": {
        "node": ">=6.0"
      }
    },
    "node_modules/node-fetch": {
      "version": "2.6.1",
      "resolved": "https://registry.npmjs.org/node-fetch/-/node-fetch-2.6.1.tgz",
      "integrity": "sha512-V4aYg89jEoVRxRb2fJdAg8FHvI7cEyYdVAh94HH0UIK8oJxUfkjlDQN9RbMx+bEjP7+ggMiFRprSti032Oipxw==",
      "engines": {
        "node": "4.x || >=6.0.0"
      }
    },
    "node_modules/rclone.js": {
      "version": "0.5.0",
      "resolved": "https://registry.npmjs.org/rclone.js/-/rclone.js-0.5.0.tgz",
      "integrity": "sha512-S29D87EnyjtgiibqLj6AFubV1BgKtc4iQF74HwKo2++4RaVGehn3AZLIvSghkX5dFKy8RUKGmAo4LHuCMrEJQw==",
      "hasInstallScript": true,
      "dependencies": {
        "adm-zip": "^0.5.3",
        "node-fetch": "^2.6.1"
      },
      "bin": {
        "rclone": "bin/rclone.js"
      }
    }
  },
  "dependencies": {
    "adm-zip": {
      "version": "0.5.5",
      "resolved": "https://registry.npmjs.org/adm-zip/-/adm-zip-0.5.5.tgz",
      "integrity": "sha512-IWwXKnCbirdbyXSfUDvCCrmYrOHANRZcc8NcRrvTlIApdl7PwE9oGcsYvNeJPAVY1M+70b4PxXGKIf8AEuiQ6w=="
    },
    "node-fetch": {
      "version": "2.6.1",
      "resolved": "https://registry.npmjs.org/node-fetch/-/node-fetch-2.6.1.tgz",
      "integrity": "sha512-V4aYg89jEoVRxRb2fJdAg8FHvI7cEyYdVAh94HH0UIK8oJxUfkjlDQN9RbMx+bEjP7+ggMiFRprSti032Oipxw=="
    },
    "rclone.js": {
      "version": "0.5.0",
      "resolved": "https://registry.npmjs.org/rclone.js/-/rclone.js-0.5.0.tgz",
      "integrity": "sha512-S29D87EnyjtgiibqLj6AFubV1BgKtc4iQF74HwKo2++4RaVGehn3AZLIvSghkX5dFKy8RUKGmAo4LHuCMrEJQw==",
      "requires": {
        "adm-zip": "^0.5.3",
        "node-fetch": "^2.6.1"
      }
    }
  }
}
